// !$*UTF8*$!
{
	archiveVersion = 1;
	classes = {
	};
	objectVersion = 50;
	objects = {

/* Begin PBXBuildFile section */
		FB2F98EE20C6F21000511FE5 /* AppDelegate.swift in Sources */ = {isa = PBXBuildFile; fileRef = FB2F98ED20C6F21000511FE5 /* AppDelegate.swift */; };
		FB2F98F020C6F21000511FE5 /* ViewController.swift in Sources */ = {isa = PBXBuildFile; fileRef = FB2F98EF20C6F21000511FE5 /* ViewController.swift */; };
		FB2F98F320C6F21000511FE5 /* Main.storyboard in Resources */ = {isa = PBXBuildFile; fileRef = FB2F98F120C6F21000511FE5 /* Main.storyboard */; };
		FB2F98F520C6F21200511FE5 /* Assets.xcassets in Resources */ = {isa = PBXBuildFile; fileRef = FB2F98F420C6F21200511FE5 /* Assets.xcassets */; };
		FB2F98F820C6F21200511FE5 /* LaunchScreen.storyboard in Resources */ = {isa = PBXBuildFile; fileRef = FB2F98F620C6F21200511FE5 /* LaunchScreen.storyboard */; };
		FB2F990320C6F21200511FE5 /* WatchTicTacToeTests.swift in Sources */ = {isa = PBXBuildFile; fileRef = FB2F990220C6F21200511FE5 /* WatchTicTacToeTests.swift */; };
		FB2F990E20C6F21200511FE5 /* WatchTicTacToeUITests.swift in Sources */ = {isa = PBXBuildFile; fileRef = FB2F990D20C6F21200511FE5 /* WatchTicTacToeUITests.swift */; };
		FB2F992120C6F27F00511FE5 /* Interface.storyboard in Resources */ = {isa = PBXBuildFile; fileRef = FB2F991F20C6F27F00511FE5 /* Interface.storyboard */; };
		FB2F992320C6F28000511FE5 /* Assets.xcassets in Resources */ = {isa = PBXBuildFile; fileRef = FB2F992220C6F28000511FE5 /* Assets.xcassets */; };
		FB2F992A20C6F28000511FE5 /* TictTacToe WatchKit App Extension.appex in Embed App Extensions */ = {isa = PBXBuildFile; fileRef = FB2F992920C6F28000511FE5 /* TictTacToe WatchKit App Extension.appex */; settings = {ATTRIBUTES = (RemoveHeadersOnCopy, ); }; };
		FB2F992F20C6F28000511FE5 /* InterfaceController.swift in Sources */ = {isa = PBXBuildFile; fileRef = FB2F992E20C6F28000511FE5 /* InterfaceController.swift */; };
		FB2F993120C6F28000511FE5 /* ExtensionDelegate.swift in Sources */ = {isa = PBXBuildFile; fileRef = FB2F993020C6F28000511FE5 /* ExtensionDelegate.swift */; };
		FB2F993320C6F28000511FE5 /* Assets.xcassets in Resources */ = {isa = PBXBuildFile; fileRef = FB2F993220C6F28000511FE5 /* Assets.xcassets */; };
		FB2F993720C6F28000511FE5 /* TictTacToe WatchKit App.app in Embed Watch Content */ = {isa = PBXBuildFile; fileRef = FB2F991D20C6F27F00511FE5 /* TictTacToe WatchKit App.app */; };
/* End PBXBuildFile section */

/* Begin PBXContainerItemProxy section */
		FB2F98FF20C6F21200511FE5 /* PBXContainerItemProxy */ = {
			isa = PBXContainerItemProxy;
			containerPortal = FB2F98E220C6F21000511FE5 /* Project object */;
			proxyType = 1;
			remoteGlobalIDString = FB2F98E920C6F21000511FE5;
			remoteInfo = WatchTicTacToe;
		};
		FB2F990A20C6F21200511FE5 /* PBXContainerItemProxy */ = {
			isa = PBXContainerItemProxy;
			containerPortal = FB2F98E220C6F21000511FE5 /* Project object */;
			proxyType = 1;
			remoteGlobalIDString = FB2F98E920C6F21000511FE5;
			remoteInfo = WatchTicTacToe;
		};
		FB2F992B20C6F28000511FE5 /* PBXContainerItemProxy */ = {
			isa = PBXContainerItemProxy;
			containerPortal = FB2F98E220C6F21000511FE5 /* Project object */;
			proxyType = 1;
			remoteGlobalIDString = FB2F992820C6F28000511FE5;
			remoteInfo = "TictTacToe WatchKit App Extension";
		};
		FB2F993520C6F28000511FE5 /* PBXContainerItemProxy */ = {
			isa = PBXContainerItemProxy;
			containerPortal = FB2F98E220C6F21000511FE5 /* Project object */;
			proxyType = 1;
			remoteGlobalIDString = FB2F991C20C6F27F00511FE5;
			remoteInfo = "TictTacToe WatchKit App";
		};
/* End PBXContainerItemProxy section */

/* Begin PBXCopyFilesBuildPhase section */
		FB2F993B20C6F28000511FE5 /* Embed App Extensions */ = {
			isa = PBXCopyFilesBuildPhase;
			buildActionMask = 2147483647;
			dstPath = "";
			dstSubfolderSpec = 13;
			files = (
				FB2F992A20C6F28000511FE5 /* TictTacToe WatchKit App Extension.appex in Embed App Extensions */,
			);
			name = "Embed App Extensions";
			runOnlyForDeploymentPostprocessing = 0;
		};
		FB2F993F20C6F28000511FE5 /* Embed Watch Content */ = {
			isa = PBXCopyFilesBuildPhase;
			buildActionMask = 2147483647;
			dstPath = "$(CONTENTS_FOLDER_PATH)/Watch";
			dstSubfolderSpec = 16;
			files = (
				FB2F993720C6F28000511FE5 /* TictTacToe WatchKit App.app in Embed Watch Content */,
			);
			name = "Embed Watch Content";
			runOnlyForDeploymentPostprocessing = 0;
		};
/* End PBXCopyFilesBuildPhase section */

/* Begin PBXFileReference section */
		FB2F98EA20C6F21000511FE5 /* WatchTicTacToe.app */ = {isa = PBXFileReference; explicitFileType = wrapper.application; includeInIndex = 0; path = WatchTicTacToe.app; sourceTree = BUILT_PRODUCTS_DIR; };
		FB2F98ED20C6F21000511FE5 /* AppDelegate.swift */ = {isa = PBXFileReference; lastKnownFileType = sourcecode.swift; path = AppDelegate.swift; sourceTree = "<group>"; };
		FB2F98EF20C6F21000511FE5 /* ViewController.swift */ = {isa = PBXFileReference; lastKnownFileType = sourcecode.swift; path = ViewController.swift; sourceTree = "<group>"; };
		FB2F98F220C6F21000511FE5 /* Base */ = {isa = PBXFileReference; lastKnownFileType = file.storyboard; name = Base; path = Base.lproj/Main.storyboard; sourceTree = "<group>"; };
		FB2F98F420C6F21200511FE5 /* Assets.xcassets */ = {isa = PBXFileReference; lastKnownFileType = folder.assetcatalog; path = Assets.xcassets; sourceTree = "<group>"; };
		FB2F98F720C6F21200511FE5 /* Base */ = {isa = PBXFileReference; lastKnownFileType = file.storyboard; name = Base; path = Base.lproj/LaunchScreen.storyboard; sourceTree = "<group>"; };
		FB2F98F920C6F21200511FE5 /* Info.plist */ = {isa = PBXFileReference; lastKnownFileType = text.plist.xml; path = Info.plist; sourceTree = "<group>"; };
		FB2F98FE20C6F21200511FE5 /* WatchTicTacToeTests.xctest */ = {isa = PBXFileReference; explicitFileType = wrapper.cfbundle; includeInIndex = 0; path = WatchTicTacToeTests.xctest; sourceTree = BUILT_PRODUCTS_DIR; };
		FB2F990220C6F21200511FE5 /* WatchTicTacToeTests.swift */ = {isa = PBXFileReference; lastKnownFileType = sourcecode.swift; path = WatchTicTacToeTests.swift; sourceTree = "<group>"; };
		FB2F990420C6F21200511FE5 /* Info.plist */ = {isa = PBXFileReference; lastKnownFileType = text.plist.xml; path = Info.plist; sourceTree = "<group>"; };
		FB2F990920C6F21200511FE5 /* WatchTicTacToeUITests.xctest */ = {isa = PBXFileReference; explicitFileType = wrapper.cfbundle; includeInIndex = 0; path = WatchTicTacToeUITests.xctest; sourceTree = BUILT_PRODUCTS_DIR; };
		FB2F990D20C6F21200511FE5 /* WatchTicTacToeUITests.swift */ = {isa = PBXFileReference; lastKnownFileType = sourcecode.swift; path = WatchTicTacToeUITests.swift; sourceTree = "<group>"; };
		FB2F990F20C6F21200511FE5 /* Info.plist */ = {isa = PBXFileReference; lastKnownFileType = text.plist.xml; path = Info.plist; sourceTree = "<group>"; };
		FB2F991D20C6F27F00511FE5 /* TictTacToe WatchKit App.app */ = {isa = PBXFileReference; explicitFileType = wrapper.application; includeInIndex = 0; path = "TictTacToe WatchKit App.app"; sourceTree = BUILT_PRODUCTS_DIR; };
		FB2F992020C6F27F00511FE5 /* Base */ = {isa = PBXFileReference; lastKnownFileType = file.storyboard; name = Base; path = Base.lproj/Interface.storyboard; sourceTree = "<group>"; };
		FB2F992220C6F28000511FE5 /* Assets.xcassets */ = {isa = PBXFileReference; lastKnownFileType = folder.assetcatalog; path = Assets.xcassets; sourceTree = "<group>"; };
		FB2F992420C6F28000511FE5 /* Info.plist */ = {isa = PBXFileReference; lastKnownFileType = text.plist.xml; path = Info.plist; sourceTree = "<group>"; };
		FB2F992920C6F28000511FE5 /* TictTacToe WatchKit App Extension.appex */ = {isa = PBXFileReference; explicitFileType = "wrapper.app-extension"; includeInIndex = 0; path = "TictTacToe WatchKit App Extension.appex"; sourceTree = BUILT_PRODUCTS_DIR; };
		FB2F992E20C6F28000511FE5 /* InterfaceController.swift */ = {isa = PBXFileReference; lastKnownFileType = sourcecode.swift; path = InterfaceController.swift; sourceTree = "<group>"; };
		FB2F993020C6F28000511FE5 /* ExtensionDelegate.swift */ = {isa = PBXFileReference; lastKnownFileType = sourcecode.swift; path = ExtensionDelegate.swift; sourceTree = "<group>"; };
		FB2F993220C6F28000511FE5 /* Assets.xcassets */ = {isa = PBXFileReference; lastKnownFileType = folder.assetcatalog; path = Assets.xcassets; sourceTree = "<group>"; };
		FB2F993420C6F28000511FE5 /* Info.plist */ = {isa = PBXFileReference; lastKnownFileType = text.plist.xml; path = Info.plist; sourceTree = "<group>"; };
/* End PBXFileReference section */

/* Begin PBXFrameworksBuildPhase section */
		FB2F98E720C6F21000511FE5 /* Frameworks */ = {
			isa = PBXFrameworksBuildPhase;
			buildActionMask = 2147483647;
			files = (
			);
			runOnlyForDeploymentPostprocessing = 0;
		};
		FB2F98FB20C6F21200511FE5 /* Frameworks */ = {
			isa = PBXFrameworksBuildPhase;
			buildActionMask = 2147483647;
			files = (
			);
			runOnlyForDeploymentPostprocessing = 0;
		};
		FB2F990620C6F21200511FE5 /* Frameworks */ = {
			isa = PBXFrameworksBuildPhase;
			buildActionMask = 2147483647;
			files = (
			);
			runOnlyForDeploymentPostprocessing = 0;
		};
		FB2F992620C6F28000511FE5 /* Frameworks */ = {
			isa = PBXFrameworksBuildPhase;
			buildActionMask = 2147483647;
			files = (
			);
			runOnlyForDeploymentPostprocessing = 0;
		};
/* End PBXFrameworksBuildPhase section */

/* Begin PBXGroup section */
		FB2F98E120C6F21000511FE5 = {
			isa = PBXGroup;
			children = (
				FB2F98EC20C6F21000511FE5 /* WatchTicTacToe */,
				FB2F990120C6F21200511FE5 /* WatchTicTacToeTests */,
				FB2F990C20C6F21200511FE5 /* WatchTicTacToeUITests */,
				FB2F991E20C6F27F00511FE5 /* TictTacToe WatchKit App */,
				FB2F992D20C6F28000511FE5 /* TictTacToe WatchKit App Extension */,
				FB2F98EB20C6F21000511FE5 /* Products */,
			);
			sourceTree = "<group>";
		};
		FB2F98EB20C6F21000511FE5 /* Products */ = {
			isa = PBXGroup;
			children = (
				FB2F98EA20C6F21000511FE5 /* WatchTicTacToe.app */,
				FB2F98FE20C6F21200511FE5 /* WatchTicTacToeTests.xctest */,
				FB2F990920C6F21200511FE5 /* WatchTicTacToeUITests.xctest */,
				FB2F991D20C6F27F00511FE5 /* TictTacToe WatchKit App.app */,
				FB2F992920C6F28000511FE5 /* TictTacToe WatchKit App Extension.appex */,
			);
			name = Products;
			sourceTree = "<group>";
		};
		FB2F98EC20C6F21000511FE5 /* WatchTicTacToe */ = {
			isa = PBXGroup;
			children = (
				FB2F98ED20C6F21000511FE5 /* AppDelegate.swift */,
				FB2F98EF20C6F21000511FE5 /* ViewController.swift */,
				FB2F98F120C6F21000511FE5 /* Main.storyboard */,
				FB2F98F420C6F21200511FE5 /* Assets.xcassets */,
				FB2F98F620C6F21200511FE5 /* LaunchScreen.storyboard */,
				FB2F98F920C6F21200511FE5 /* Info.plist */,
			);
			path = WatchTicTacToe;
			sourceTree = "<group>";
		};
		FB2F990120C6F21200511FE5 /* WatchTicTacToeTests */ = {
			isa = PBXGroup;
			children = (
				FB2F990220C6F21200511FE5 /* WatchTicTacToeTests.swift */,
				FB2F990420C6F21200511FE5 /* Info.plist */,
			);
			path = WatchTicTacToeTests;
			sourceTree = "<group>";
		};
		FB2F990C20C6F21200511FE5 /* WatchTicTacToeUITests */ = {
			isa = PBXGroup;
			children = (
				FB2F990D20C6F21200511FE5 /* WatchTicTacToeUITests.swift */,
				FB2F990F20C6F21200511FE5 /* Info.plist */,
			);
			path = WatchTicTacToeUITests;
			sourceTree = "<group>";
		};
		FB2F991E20C6F27F00511FE5 /* TictTacToe WatchKit App */ = {
			isa = PBXGroup;
			children = (
				FB2F991F20C6F27F00511FE5 /* Interface.storyboard */,
				FB2F992220C6F28000511FE5 /* Assets.xcassets */,
				FB2F992420C6F28000511FE5 /* Info.plist */,
			);
			path = "TictTacToe WatchKit App";
			sourceTree = "<group>";
		};
		FB2F992D20C6F28000511FE5 /* TictTacToe WatchKit App Extension */ = {
			isa = PBXGroup;
			children = (
				FB2F992E20C6F28000511FE5 /* InterfaceController.swift */,
				FB2F993020C6F28000511FE5 /* ExtensionDelegate.swift */,
				FB2F993220C6F28000511FE5 /* Assets.xcassets */,
				FB2F993420C6F28000511FE5 /* Info.plist */,
			);
			path = "TictTacToe WatchKit App Extension";
			sourceTree = "<group>";
		};
/* End PBXGroup section */

/* Begin PBXNativeTarget section */
		FB2F98E920C6F21000511FE5 /* WatchTicTacToe */ = {
			isa = PBXNativeTarget;
			buildConfigurationList = FB2F991220C6F21200511FE5 /* Build configuration list for PBXNativeTarget "WatchTicTacToe" */;
			buildPhases = (
				FB2F98E620C6F21000511FE5 /* Sources */,
				FB2F98E720C6F21000511FE5 /* Frameworks */,
				FB2F98E820C6F21000511FE5 /* Resources */,
				FB2F993F20C6F28000511FE5 /* Embed Watch Content */,
			);
			buildRules = (
			);
			dependencies = (
				FB2F993620C6F28000511FE5 /* PBXTargetDependency */,
			);
			name = WatchTicTacToe;
			productName = WatchTicTacToe;
			productReference = FB2F98EA20C6F21000511FE5 /* WatchTicTacToe.app */;
			productType = "com.apple.product-type.application";
		};
		FB2F98FD20C6F21200511FE5 /* WatchTicTacToeTests */ = {
			isa = PBXNativeTarget;
			buildConfigurationList = FB2F991520C6F21200511FE5 /* Build configuration list for PBXNativeTarget "WatchTicTacToeTests" */;
			buildPhases = (
				FB2F98FA20C6F21200511FE5 /* Sources */,
				FB2F98FB20C6F21200511FE5 /* Frameworks */,
				FB2F98FC20C6F21200511FE5 /* Resources */,
			);
			buildRules = (
			);
			dependencies = (
				FB2F990020C6F21200511FE5 /* PBXTargetDependency */,
			);
			name = WatchTicTacToeTests;
			productName = WatchTicTacToeTests;
			productReference = FB2F98FE20C6F21200511FE5 /* WatchTicTacToeTests.xctest */;
			productType = "com.apple.product-type.bundle.unit-test";
		};
		FB2F990820C6F21200511FE5 /* WatchTicTacToeUITests */ = {
			isa = PBXNativeTarget;
			buildConfigurationList = FB2F991820C6F21200511FE5 /* Build configuration list for PBXNativeTarget "WatchTicTacToeUITests" */;
			buildPhases = (
				FB2F990520C6F21200511FE5 /* Sources */,
				FB2F990620C6F21200511FE5 /* Frameworks */,
				FB2F990720C6F21200511FE5 /* Resources */,
			);
			buildRules = (
			);
			dependencies = (
				FB2F990B20C6F21200511FE5 /* PBXTargetDependency */,
			);
			name = WatchTicTacToeUITests;
			productName = WatchTicTacToeUITests;
			productReference = FB2F990920C6F21200511FE5 /* WatchTicTacToeUITests.xctest */;
			productType = "com.apple.product-type.bundle.ui-testing";
		};
		FB2F991C20C6F27F00511FE5 /* TictTacToe WatchKit App */ = {
			isa = PBXNativeTarget;
			buildConfigurationList = FB2F993C20C6F28000511FE5 /* Build configuration list for PBXNativeTarget "TictTacToe WatchKit App" */;
			buildPhases = (
				FB2F991B20C6F27F00511FE5 /* Resources */,
				FB2F993B20C6F28000511FE5 /* Embed App Extensions */,
			);
			buildRules = (
			);
			dependencies = (
				FB2F992C20C6F28000511FE5 /* PBXTargetDependency */,
			);
			name = "TictTacToe WatchKit App";
			productName = "TictTacToe WatchKit App";
			productReference = FB2F991D20C6F27F00511FE5 /* TictTacToe WatchKit App.app */;
			productType = "com.apple.product-type.application.watchapp2";
		};
		FB2F992820C6F28000511FE5 /* TictTacToe WatchKit App Extension */ = {
			isa = PBXNativeTarget;
			buildConfigurationList = FB2F993820C6F28000511FE5 /* Build configuration list for PBXNativeTarget "TictTacToe WatchKit App Extension" */;
			buildPhases = (
				FB2F992520C6F28000511FE5 /* Sources */,
				FB2F992620C6F28000511FE5 /* Frameworks */,
				FB2F992720C6F28000511FE5 /* Resources */,
			);
			buildRules = (
			);
			dependencies = (
			);
			name = "TictTacToe WatchKit App Extension";
			productName = "TictTacToe WatchKit App Extension";
			productReference = FB2F992920C6F28000511FE5 /* TictTacToe WatchKit App Extension.appex */;
			productType = "com.apple.product-type.watchkit2-extension";
		};
/* End PBXNativeTarget section */

/* Begin PBXProject section */
		FB2F98E220C6F21000511FE5 /* Project object */ = {
			isa = PBXProject;
			attributes = {
				LastSwiftUpdateCheck = 0930;
				LastUpgradeCheck = 0930;
				ORGANIZATIONNAME = Alumno;
				TargetAttributes = {
					FB2F98E920C6F21000511FE5 = {
						CreatedOnToolsVersion = 9.3.1;
					};
					FB2F98FD20C6F21200511FE5 = {
						CreatedOnToolsVersion = 9.3.1;
						TestTargetID = FB2F98E920C6F21000511FE5;
					};
					FB2F990820C6F21200511FE5 = {
						CreatedOnToolsVersion = 9.3.1;
						TestTargetID = FB2F98E920C6F21000511FE5;
					};
					FB2F991C20C6F27F00511FE5 = {
						CreatedOnToolsVersion = 9.3.1;
					};
					FB2F992820C6F28000511FE5 = {
						CreatedOnToolsVersion = 9.3.1;
					};
				};
			};
			buildConfigurationList = FB2F98E520C6F21000511FE5 /* Build configuration list for PBXProject "WatchTicTacToe" */;
			compatibilityVersion = "Xcode 9.3";
			developmentRegion = en;
			hasScannedForEncodings = 0;
			knownRegions = (
				en,
				Base,
			);
			mainGroup = FB2F98E120C6F21000511FE5;
			productRefGroup = FB2F98EB20C6F21000511FE5 /* Products */;
			projectDirPath = "";
			projectRoot = "";
			targets = (
				FB2F98E920C6F21000511FE5 /* WatchTicTacToe */,
				FB2F98FD20C6F21200511FE5 /* WatchTicTacToeTests */,
				FB2F990820C6F21200511FE5 /* WatchTicTacToeUITests */,
				FB2F991C20C6F27F00511FE5 /* TictTacToe WatchKit App */,
				FB2F992820C6F28000511FE5 /* TictTacToe WatchKit App Extension */,
			);
		};
/* End PBXProject section */

/* Begin PBXResourcesBuildPhase section */
		FB2F98E820C6F21000511FE5 /* Resources */ = {
			isa = PBXResourcesBuildPhase;
			buildActionMask = 2147483647;
			files = (
				FB2F98F820C6F21200511FE5 /* LaunchScreen.storyboard in Resources */,
				FB2F98F520C6F21200511FE5 /* Assets.xcassets in Resources */,
				FB2F98F320C6F21000511FE5 /* Main.storyboard in Resources */,
			);
			runOnlyForDeploymentPostprocessing = 0;
		};
		FB2F98FC20C6F21200511FE5 /* Resources */ = {
			isa = PBXResourcesBuildPhase;
			buildActionMask = 2147483647;
			files = (
			);
			runOnlyForDeploymentPostprocessing = 0;
		};
		FB2F990720C6F21200511FE5 /* Resources */ = {
			isa = PBXResourcesBuildPhase;
			buildActionMask = 2147483647;
			files = (
			);
			runOnlyForDeploymentPostprocessing = 0;
		};
		FB2F991B20C6F27F00511FE5 /* Resources */ = {
			isa = PBXResourcesBuildPhase;
			buildActionMask = 2147483647;
			files = (
				FB2F992320C6F28000511FE5 /* Assets.xcassets in Resources */,
				FB2F992120C6F27F00511FE5 /* Interface.storyboard in Resources */,
			);
			runOnlyForDeploymentPostprocessing = 0;
		};
		FB2F992720C6F28000511FE5 /* Resources */ = {
			isa = PBXResourcesBuildPhase;
			buildActionMask = 2147483647;
			files = (
				FB2F993320C6F28000511FE5 /* Assets.xcassets in Resources */,
			);
			runOnlyForDeploymentPostprocessing = 0;
		};
/* End PBXResourcesBuildPhase section */

/* Begin PBXSourcesBuildPhase section */
		FB2F98E620C6F21000511FE5 /* Sources */ = {
			isa = PBXSourcesBuildPhase;
			buildActionMask = 2147483647;
			files = (
				FB2F98F020C6F21000511FE5 /* ViewController.swift in Sources */,
				FB2F98EE20C6F21000511FE5 /* AppDelegate.swift in Sources */,
			);
			runOnlyForDeploymentPostprocessing = 0;
		};
		FB2F98FA20C6F21200511FE5 /* Sources */ = {
			isa = PBXSourcesBuildPhase;
			buildActionMask = 2147483647;
			files = (
				FB2F990320C6F21200511FE5 /* WatchTicTacToeTests.swift in Sources */,
			);
			runOnlyForDeploymentPostprocessing = 0;
		};
		FB2F990520C6F21200511FE5 /* Sources */ = {
			isa = PBXSourcesBuildPhase;
			buildActionMask = 2147483647;
			files = (
				FB2F990E20C6F21200511FE5 /* WatchTicTacToeUITests.swift in Sources */,
			);
			runOnlyForDeploymentPostprocessing = 0;
		};
		FB2F992520C6F28000511FE5 /* Sources */ = {
			isa = PBXSourcesBuildPhase;
			buildActionMask = 2147483647;
			files = (
				FB2F993120C6F28000511FE5 /* ExtensionDelegate.swift in Sources */,
				FB2F992F20C6F28000511FE5 /* InterfaceController.swift in Sources */,
			);
			runOnlyForDeploymentPostprocessing = 0;
		};
/* End PBXSourcesBuildPhase section */

/* Begin PBXTargetDependency section */
		FB2F990020C6F21200511FE5 /* PBXTargetDependency */ = {
			isa = PBXTargetDependency;
			target = FB2F98E920C6F21000511FE5 /* WatchTicTacToe */;
			targetProxy = FB2F98FF20C6F21200511FE5 /* PBXContainerItemProxy */;
		};
		FB2F990B20C6F21200511FE5 /* PBXTargetDependency */ = {
			isa = PBXTargetDependency;
			target = FB2F98E920C6F21000511FE5 /* WatchTicTacToe */;
			targetProxy = FB2F990A20C6F21200511FE5 /* PBXContainerItemProxy */;
		};
		FB2F992C20C6F28000511FE5 /* PBXTargetDependency */ = {
			isa = PBXTargetDependency;
			target = FB2F992820C6F28000511FE5 /* TictTacToe WatchKit App Extension */;
			targetProxy = FB2F992B20C6F28000511FE5 /* PBXContainerItemProxy */;
		};
		FB2F993620C6F28000511FE5 /* PBXTargetDependency */ = {
			isa = PBXTargetDependency;
			target = FB2F991C20C6F27F00511FE5 /* TictTacToe WatchKit App */;
			targetProxy = FB2F993520C6F28000511FE5 /* PBXContainerItemProxy */;
		};
/* End PBXTargetDependency section */

/* Begin PBXVariantGroup section */
		FB2F98F120C6F21000511FE5 /* Main.storyboard */ = {
			isa = PBXVariantGroup;
			children = (
				FB2F98F220C6F21000511FE5 /* Base */,
			);
			name = Main.storyboard;
			sourceTree = "<group>";
		};
		FB2F98F620C6F21200511FE5 /* LaunchScreen.storyboard */ = {
			isa = PBXVariantGroup;
			children = (
				FB2F98F720C6F21200511FE5 /* Base */,
			);
			name = LaunchScreen.storyboard;
			sourceTree = "<group>";
		};
		FB2F991F20C6F27F00511FE5 /* Interface.storyboard */ = {
			isa = PBXVariantGroup;
			children = (
				FB2F992020C6F27F00511FE5 /* Base */,
			);
			name = Interface.storyboard;
			sourceTree = "<group>";
		};
/* End PBXVariantGroup section */

/* Begin XCBuildConfiguration section */
		FB2F991020C6F21200511FE5 /* Debug */ = {
			isa = XCBuildConfiguration;
			buildSettings = {
				ALWAYS_SEARCH_USER_PATHS = NO;
				CLANG_ANALYZER_NONNULL = YES;
				CLANG_ANALYZER_NUMBER_OBJECT_CONVERSION = YES_AGGRESSIVE;
				CLANG_CXX_LANGUAGE_STANDARD = "gnu++14";
				CLANG_CXX_LIBRARY = "libc++";
				CLANG_ENABLE_MODULES = YES;
				CLANG_ENABLE_OBJC_ARC = YES;
				CLANG_ENABLE_OBJC_WEAK = YES;
				CLANG_WARN_BLOCK_CAPTURE_AUTORELEASING = YES;
				CLANG_WARN_BOOL_CONVERSION = YES;
				CLANG_WARN_COMMA = YES;
				CLANG_WARN_CONSTANT_CONVERSION = YES;
				CLANG_WARN_DEPRECATED_OBJC_IMPLEMENTATIONS = YES;
				CLANG_WARN_DIRECT_OBJC_ISA_USAGE = YES_ERROR;
				CLANG_WARN_DOCUMENTATION_COMMENTS = YES;
				CLANG_WARN_EMPTY_BODY = YES;
				CLANG_WARN_ENUM_CONVERSION = YES;
				CLANG_WARN_INFINITE_RECURSION = YES;
				CLANG_WARN_INT_CONVERSION = YES;
				CLANG_WARN_NON_LITERAL_NULL_CONVERSION = YES;
				CLANG_WARN_OBJC_IMPLICIT_RETAIN_SELF = YES;
				CLANG_WARN_OBJC_LITERAL_CONVERSION = YES;
				CLANG_WARN_OBJC_ROOT_CLASS = YES_ERROR;
				CLANG_WARN_RANGE_LOOP_ANALYSIS = YES;
				CLANG_WARN_STRICT_PROTOTYPES = YES;
				CLANG_WARN_SUSPICIOUS_MOVE = YES;
				CLANG_WARN_UNGUARDED_AVAILABILITY = YES_AGGRESSIVE;
				CLANG_WARN_UNREACHABLE_CODE = YES;
				CLANG_WARN__DUPLICATE_METHOD_MATCH = YES;
				CODE_SIGN_IDENTITY = "iPhone Developer";
				COPY_PHASE_STRIP = NO;
				DEBUG_INFORMATION_FORMAT = dwarf;
				ENABLE_STRICT_OBJC_MSGSEND = YES;
				ENABLE_TESTABILITY = YES;
				GCC_C_LANGUAGE_STANDARD = gnu11;
				GCC_DYNAMIC_NO_PIC = NO;
				GCC_NO_COMMON_BLOCKS = YES;
				GCC_OPTIMIZATION_LEVEL = 0;
				GCC_PREPROCESSOR_DEFINITIONS = (
					"DEBUG=1",
					"$(inherited)",
				);
				GCC_WARN_64_TO_32_BIT_CONVERSION = YES;
				GCC_WARN_ABOUT_RETURN_TYPE = YES_ERROR;
				GCC_WARN_UNDECLARED_SELECTOR = YES;
				GCC_WARN_UNINITIALIZED_AUTOS = YES_AGGRESSIVE;
				GCC_WARN_UNUSED_FUNCTION = YES;
				GCC_WARN_UNUSED_VARIABLE = YES;
				IPHONEOS_DEPLOYMENT_TARGET = 11.3;
				MTL_ENABLE_DEBUG_INFO = YES;
				ONLY_ACTIVE_ARCH = YES;
				SDKROOT = iphoneos;
				SWIFT_ACTIVE_COMPILATION_CONDITIONS = DEBUG;
				SWIFT_OPTIMIZATION_LEVEL = "-Onone";
			};
			name = Debug;
		};
		FB2F991120C6F21200511FE5 /* Release */ = {
			isa = XCBuildConfiguration;
			buildSettings = {
				ALWAYS_SEARCH_USER_PATHS = NO;
				CLANG_ANALYZER_NONNULL = YES;
				CLANG_ANALYZER_NUMBER_OBJECT_CONVERSION = YES_AGGRESSIVE;
				CLANG_CXX_LANGUAGE_STANDARD = "gnu++14";
				CLANG_CXX_LIBRARY = "libc++";
				CLANG_ENABLE_MODULES = YES;
				CLANG_ENABLE_OBJC_ARC = YES;
				CLANG_ENABLE_OBJC_WEAK = YES;
				CLANG_WARN_BLOCK_CAPTURE_AUTORELEASING = YES;
				CLANG_WARN_BOOL_CONVERSION = YES;
				CLANG_WARN_COMMA = YES;
				CLANG_WARN_CONSTANT_CONVERSION = YES;
				CLANG_WARN_DEPRECATED_OBJC_IMPLEMENTATIONS = YES;
				CLANG_WARN_DIRECT_OBJC_ISA_USAGE = YES_ERROR;
				CLANG_WARN_DOCUMENTATION_COMMENTS = YES;
				CLANG_WARN_EMPTY_BODY = YES;
				CLANG_WARN_ENUM_CONVERSION = YES;
				CLANG_WARN_INFINITE_RECURSION = YES;
				CLANG_WARN_INT_CONVERSION = YES;
				CLANG_WARN_NON_LITERAL_NULL_CONVERSION = YES;
				CLANG_WARN_OBJC_IMPLICIT_RETAIN_SELF = YES;
				CLANG_WARN_OBJC_LITERAL_CONVERSION = YES;
				CLANG_WARN_OBJC_ROOT_CLASS = YES_ERROR;
				CLANG_WARN_RANGE_LOOP_ANALYSIS = YES;
				CLANG_WARN_STRICT_PROTOTYPES = YES;
				CLANG_WARN_SUSPICIOUS_MOVE = YES;
				CLANG_WARN_UNGUARDED_AVAILABILITY = YES_AGGRESSIVE;
				CLANG_WARN_UNREACHABLE_CODE = YES;
				CLANG_WARN__DUPLICATE_METHOD_MATCH = YES;
				CODE_SIGN_IDENTITY = "iPhone Developer";
				COPY_PHASE_STRIP = NO;
				DEBUG_INFORMATION_FORMAT = "dwarf-with-dsym";
				ENABLE_NS_ASSERTIONS = NO;
				ENABLE_STRICT_OBJC_MSGSEND = YES;
				GCC_C_LANGUAGE_STANDARD = gnu11;
				GCC_NO_COMMON_BLOCKS = YES;
				GCC_WARN_64_TO_32_BIT_CONVERSION = YES;
				GCC_WARN_ABOUT_RETURN_TYPE = YES_ERROR;
				GCC_WARN_UNDECLARED_SELECTOR = YES;
				GCC_WARN_UNINITIALIZED_AUTOS = YES_AGGRESSIVE;
				GCC_WARN_UNUSED_FUNCTION = YES;
				GCC_WARN_UNUSED_VARIABLE = YES;
				IPHONEOS_DEPLOYMENT_TARGET = 11.3;
				MTL_ENABLE_DEBUG_INFO = NO;
				SDKROOT = iphoneos;
				SWIFT_COMPILATION_MODE = wholemodule;
				SWIFT_OPTIMIZATION_LEVEL = "-O";
				VALIDATE_PRODUCT = YES;
			};
			name = Release;
		};
		FB2F991320C6F21200511FE5 /* Debug */ = {
			isa = XCBuildConfiguration;
			buildSettings = {
				ASSETCATALOG_COMPILER_APPICON_NAME = AppIcon;
				CODE_SIGN_STYLE = Automatic;
				DEVELOPMENT_TEAM = S43QRZH5C6;
				INFOPLIST_FILE = WatchTicTacToe/Info.plist;
				LD_RUNPATH_SEARCH_PATHS = (
					"$(inherited)",
					"@executable_path/Frameworks",
				);
				PRODUCT_BUNDLE_IDENTIFIER = a.WatchTicTacToe;
				PRODUCT_NAME = "$(TARGET_NAME)";
				SWIFT_VERSION = 4.0;
				TARGETED_DEVICE_FAMILY = "1,2";
			};
			name = Debug;
		};
		FB2F991420C6F21200511FE5 /* Release */ = {
			isa = XCBuildConfiguration;
			buildSettings = {
				ASSETCATALOG_COMPILER_APPICON_NAME = AppIcon;
				CODE_SIGN_STYLE = Automatic;
				DEVELOPMENT_TEAM = S43QRZH5C6;
				INFOPLIST_FILE = WatchTicTacToe/Info.plist;
				LD_RUNPATH_SEARCH_PATHS = (
					"$(inherited)",
					"@executable_path/Frameworks",
				);
				PRODUCT_BUNDLE_IDENTIFIER = a.WatchTicTacToe;
				PRODUCT_NAME = "$(TARGET_NAME)";
				SWIFT_VERSION = 4.0;
				TARGETED_DEVICE_FAMILY = "1,2";
			};
			name = Release;
		};
		FB2F991620C6F21200511FE5 /* Debug */ = {
			isa = XCBuildConfiguration;
			buildSettings = {
				ALWAYS_EMBED_SWIFT_STANDARD_LIBRARIES = YES;
				BUNDLE_LOADER = "$(TEST_HOST)";
				CODE_SIGN_STYLE = Automatic;
				DEVELOPMENT_TEAM = S43QRZH5C6;
				INFOPLIST_FILE = WatchTicTacToeTests/Info.plist;
				LD_RUNPATH_SEARCH_PATHS = (
					"$(inherited)",
					"@executable_path/Frameworks",
					"@loader_path/Frameworks",
				);
				PRODUCT_BUNDLE_IDENTIFIER = a.WatchTicTacToeTests;
				PRODUCT_NAME = "$(TARGET_NAME)";
				SWIFT_VERSION = 4.0;
				TARGETED_DEVICE_FAMILY = "1,2";
				TEST_HOST = "$(BUILT_PRODUCTS_DIR)/WatchTicTacToe.app/WatchTicTacToe";
			};
			name = Debug;
		};
		FB2F991720C6F21200511FE5 /* Release */ = {
			isa = XCBuildConfiguration;
			buildSettings = {
				ALWAYS_EMBED_SWIFT_STANDARD_LIBRARIES = YES;
				BUNDLE_LOADER = "$(TEST_HOST)";
				CODE_SIGN_STYLE = Automatic;
				DEVELOPMENT_TEAM = S43QRZH5C6;
				INFOPLIST_FILE = WatchTicTacToeTests/Info.plist;
				LD_RUNPATH_SEARCH_PATHS = (
					"$(inherited)",
					"@executable_path/Frameworks",
					"@loader_path/Frameworks",
				);
				PRODUCT_BUNDLE_IDENTIFIER = a.WatchTicTacToeTests;
				PRODUCT_NAME = "$(TARGET_NAME)";
				SWIFT_VERSION = 4.0;
				TARGETED_DEVICE_FAMILY = "1,2";
				TEST_HOST = "$(BUILT_PRODUCTS_DIR)/WatchTicTacToe.app/WatchTicTacToe";
			};
			name = Release;
		};
		FB2F991920C6F21200511FE5 /* Debug */ = {
			isa = XCBuildConfiguration;
			buildSettings = {
				ALWAYS_EMBED_SWIFT_STANDARD_LIBRARIES = YES;
				CODE_SIGN_STYLE = Automatic;
				DEVELOPMENT_TEAM = S43QRZH5C6;
				INFOPLIST_FILE = WatchTicTacToeUITests/Info.plist;
				LD_RUNPATH_SEARCH_PATHS = (
					"$(inherited)",
					"@executable_path/Frameworks",
					"@loader_path/Frameworks",
				);
				PRODUCT_BUNDLE_IDENTIFIER = a.WatchTicTacToeUITests;
				PRODUCT_NAME = "$(TARGET_NAME)";
				SWIFT_VERSION = 4.0;
				TARGETED_DEVICE_FAMILY = "1,2";
				TEST_TARGET_NAME = WatchTicTacToe;
			};
			name = Debug;
		};
		FB2F991A20C6F21200511FE5 /* Release */ = {
			isa = XCBuildConfiguration;
			buildSettings = {
				ALWAYS_EMBED_SWIFT_STANDARD_LIBRARIES = YES;
				CODE_SIGN_STYLE = Automatic;
				DEVELOPMENT_TEAM = S43QRZH5C6;
				INFOPLIST_FILE = WatchTicTacToeUITests/Info.plist;
				LD_RUNPATH_SEARCH_PATHS = (
					"$(inherited)",
					"@executable_path/Frameworks",
					"@loader_path/Frameworks",
				);
				PRODUCT_BUNDLE_IDENTIFIER = a.WatchTicTacToeUITests;
				PRODUCT_NAME = "$(TARGET_NAME)";
				SWIFT_VERSION = 4.0;
				TARGETED_DEVICE_FAMILY = "1,2";
				TEST_TARGET_NAME = WatchTicTacToe;
			};
			name = Release;
		};
		FB2F993920C6F28000511FE5 /* Debug */ = {
			isa = XCBuildConfiguration;
			buildSettings = {
				ASSETCATALOG_COMPILER_COMPLICATION_NAME = Complication;
				CODE_SIGN_STYLE = Automatic;
				DEVELOPMENT_TEAM = S43QRZH5C6;
				INFOPLIST_FILE = "TictTacToe WatchKit App Extension/Info.plist";
				LD_RUNPATH_SEARCH_PATHS = (
					"$(inherited)",
					"@executable_path/Frameworks",
					"@executable_path/../../Frameworks",
				);
				PRODUCT_BUNDLE_IDENTIFIER = a.WatchTicTacToe.watchkitapp.watchkitextension;
				PRODUCT_NAME = "${TARGET_NAME}";
				SDKROOT = watchos;
				SKIP_INSTALL = YES;
				SWIFT_VERSION = 4.0;
				TARGETED_DEVICE_FAMILY = 4;
				WATCHOS_DEPLOYMENT_TARGET = 4.3;
			};
			name = Debug;
		};
		FB2F993A20C6F28000511FE5 /* Release */ = {
			isa = XCBuildConfiguration;
			buildSettings = {
				ASSETCATALOG_COMPILER_COMPLICATION_NAME = Complication;
				CODE_SIGN_STYLE = Automatic;
				DEVELOPMENT_TEAM = S43QRZH5C6;
				INFOPLIST_FILE = "TictTacToe WatchKit App Extension/Info.plist";
				LD_RUNPATH_SEARCH_PATHS = (
					"$(inherited)",
					"@executable_path/Frameworks",
					"@executable_path/../../Frameworks",
				);
				PRODUCT_BUNDLE_IDENTIFIER = a.WatchTicTacToe.watchkitapp.watchkitextension;
				PRODUCT_NAME = "${TARGET_NAME}";
				SDKROOT = watchos;
				SKIP_INSTALL = YES;
				SWIFT_VERSION = 4.0;
				TARGETED_DEVICE_FAMILY = 4;
				WATCHOS_DEPLOYMENT_TARGET = 4.3;
			};
			name = Release;
		};
		FB2F993D20C6F28000511FE5 /* Debug */ = {
			isa = XCBuildConfiguration;
			buildSettings = {
				ALWAYS_EMBED_SWIFT_STANDARD_LIBRARIES = YES;
				ASSETCATALOG_COMPILER_APPICON_NAME = AppIcon;
				CODE_SIGN_STYLE = Automatic;
				DEVELOPMENT_TEAM = S43QRZH5C6;
				IBSC_MODULE = TictTacToe_WatchKit_App_Extension;
				INFOPLIST_FILE = "TictTacToe WatchKit App/Info.plist";
				PRODUCT_BUNDLE_IDENTIFIER = a.WatchTicTacToe.watchkitapp;
				PRODUCT_NAME = "$(TARGET_NAME)";
				SDKROOT = watchos;
				SKIP_INSTALL = YES;
				SWIFT_VERSION = 4.0;
				TARGETED_DEVICE_FAMILY = 4;
				WATCHOS_DEPLOYMENT_TARGET = 4.3;
			};
			name = Debug;
		};
		FB2F993E20C6F28000511FE5 /* Release */ = {
			isa = XCBuildConfiguration;
			buildSettings = {
				ALWAYS_EMBED_SWIFT_STANDARD_LIBRARIES = YES;
				ASSETCATALOG_COMPILER_APPICON_NAME = AppIcon;
				CODE_SIGN_STYLE = Automatic;
				DEVELOPMENT_TEAM = S43QRZH5C6;
				IBSC_MODULE = TictTacToe_WatchKit_App_Extension;
				INFOPLIST_FILE = "TictTacToe WatchKit App/Info.plist";
				PRODUCT_BUNDLE_IDENTIFIER = a.WatchTicTacToe.watchkitapp;
				PRODUCT_NAME = "$(TARGET_NAME)";
				SDKROOT = watchos;
				SKIP_INSTALL = YES;
				SWIFT_VERSION = 4.0;
				TARGETED_DEVICE_FAMILY = 4;
				WATCHOS_DEPLOYMENT_TARGET = 4.3;
			};
			name = Release;
		};
/* End XCBuildConfiguration section */

/* Begin XCConfigurationList section */
		FB2F98E520C6F21000511FE5 /* Build configuration list for PBXProject "WatchTicTacToe" */ = {
			isa = XCConfigurationList;
			buildConfigurations = (
				FB2F991020C6F21200511FE5 /* Debug */,
				FB2F991120C6F21200511FE5 /* Release */,
			);
			defaultConfigurationIsVisible = 0;
			defaultConfigurationName = Release;
		};
		FB2F991220C6F21200511FE5 /* Build configuration list for PBXNativeTarget "WatchTicTacToe" */ = {
			isa = XCConfigurationList;
			buildConfigurations = (
				FB2F991320C6F21200511FE5 /* Debug */,
				FB2F991420C6F21200511FE5 /* Release */,
			);
			defaultConfigurationIsVisible = 0;
			defaultConfigurationName = Release;
		};
		FB2F991520C6F21200511FE5 /* Build configuration list for PBXNativeTarget "WatchTicTacToeTests" */ = {
			isa = XCConfigurationList;
			buildConfigurations = (
				FB2F991620C6F21200511FE5 /* Debug */,
				FB2F991720C6F21200511FE5 /* Release */,
			);
			defaultConfigurationIsVisible = 0;
			defaultConfigurationName = Release;
		};
		FB2F991820C6F21200511FE5 /* Build configuration list for PBXNativeTarget "WatchTicTacToeUITests" */ = {
			isa = XCConfigurationList;
			buildConfigurations = (
				FB2F991920C6F21200511FE5 /* Debug */,
				FB2F991A20C6F21200511FE5 /* Release */,
			);
			defaultConfigurationIsVisible = 0;
			defaultConfigurationName = Release;
		};
		FB2F993820C6F28000511FE5 /* Build configuration list for PBXNativeTarget "TictTacToe WatchKit App Extension" */ = {
			isa = XCConfigurationList;
			buildConfigurations = (
				FB2F993920C6F28000511FE5 /* Debug */,
				FB2F993A20C6F28000511FE5 /* Release */,
			);
			defaultConfigurationIsVisible = 0;
			defaultConfigurationName = Release;
		};
		FB2F993C20C6F28000511FE5 /* Build configuration list for PBXNativeTarget "TictTacToe WatchKit App" */ = {
			isa = XCConfigurationList;
			buildConfigurations = (
				FB2F993D20C6F28000511FE5 /* Debug */,
				FB2F993E20C6F28000511FE5 /* Release */,
			);
			defaultConfigurationIsVisible = 0;
			defaultConfigurationName = Release;
		};
/* End XCConfigurationList section */
	};
	rootObject = FB2F98E220C6F21000511FE5 /* Project object */;
}
